{
  "name": "gpsreader",
  "version": "1.0.0",
  "lockfileVersion": 2,
  "requires": true,
  "packages": {
    "": {
      "name": "gpsreader",
      "version": "1.0.0",
      "license": "MIT",
      "dependencies": {
        "gps-nmea-reader": "^1.0.1"
      }
    },
    "node_modules/gps-nmea-reader": {
      "version": "1.0.1",
      "resolved": "https://registry.npmjs.org/gps-nmea-reader/-/gps-nmea-reader-1.0.1.tgz",
      "integrity": "sha512-wow9lyfSLN/NkqeJXV2RBfHSw86tBK8wWKO3yOvjbOucoPVrztDMrGZ8r/hSRvgdptsA4ynkXxGgj8LaOwR+GQ=="
    }
  },
  "dependencies": {
    "gps-nmea-reader": {
      "version": "1.0.1",
      "resolved": "https://registry.npmjs.org/gps-nmea-reader/-/gps-nmea-reader-1.0.1.tgz",
      "integrity": "sha512-wow9lyfSLN/NkqeJXV2RBfHSw86tBK8wWKO3yOvjbOucoPVrztDMrGZ8r/hSRvgdptsA4ynkXxGgj8LaOwR+GQ=="
    }
  }
}
